
Microsoft Visual Studio Solution File, Format Version 12.00
# Visual Studio Version 17
VisualStudioVersion = 17.14.36811.4 d17.14
MinimumVisualStudioVersion = 10.0.40219.1
Project("{FAE04EC0-301F-11D3-BF4B-00C04F79EFBC}") = "CarRentalSystemDataGenerator", "CarRentalSystemDataGenerator\CarRentalSystemDataGenerator.csproj", "{08E7A2B6-4BD3-498D-8851-A061E35036F7}"
EndProject
Global
	GlobalSection(SolutionConfigurationPlatforms) = preSolution
		Debug|Any CPU = Debug|Any CPU
		Release|Any CPU = Release|Any CPU
	EndGlobalSection
	GlobalSection(ProjectConfigurationPlatforms) = postSolution
		{08E7A2B6-4BD3-498D-8851-A061E35036F7}.Debug|Any CPU.ActiveCfg = Debug|Any CPU
		{08E7A2B6-4BD3-498D-8851-A061E35036F7}.Debug|Any CPU.Build.0 = Debug|Any CPU
		{08E7A2B6-4BD3-498D-8851-A061E35036F7}.Release|Any CPU.ActiveCfg = Release|Any CPU
		{08E7A2B6-4BD3-498D-8851-A061E35036F7}.Release|Any CPU.Build.0 = Release|Any CPU
	EndGlobalSection
	GlobalSection(SolutionProperties) = preSolution
		HideSolutionNode = FALSE
	EndGlobalSection
	GlobalSection(ExtensibilityGlobals) = postSolution
		SolutionGuid = {9B39378D-A81C-40EF-9197-40CA04C02A58}
	EndGlobalSection
EndGlobal
